{
  "version": 4,
  "terraform_version": "1.5.5",
  "serial": 3,
  "lineage": "6ad3c3a1-9651-d197-c889-e24aee362270",
  "outputs": {},
  "resources": [
    {
      "mode": "managed",
      "type": "aws_iam_user",
      "name": "my-users",
      "provider": "provider[\"registry.terraform.io/hashicorp/aws\"]",
      "instances": [
        {
          "index_key": "TJack",
          "schema_version": 0,
          "attributes": {
            "arn": "arn:aws:iam::863035722089:user/TJack",
            "force_destroy": false,
            "id": "TJack",
            "name": "TJack",
            "path": "/",
            "permissions_boundary": null,
            "tags": null,
            "tags_all": {},
            "unique_id": "AIDA4R4HQBFU5J3KVVWZH"
          },
          "sensitive_attributes": [],
          "private": "bnVsbA=="
        },
        {
          "index_key": "TMadhu",
          "schema_version": 0,
          "attributes": {
            "arn": "arn:aws:iam::863035722089:user/TMadhu",
            "force_destroy": false,
            "id": "TMadhu",
            "name": "TMadhu",
            "path": "/",
            "permissions_boundary": null,
            "tags": null,
            "tags_all": {},
            "unique_id": "AIDA4R4HQBFUSDM27GZHT"
          },
          "sensitive_attributes": [],
          "private": "bnVsbA=="
        }
      ]
    }
  ],
  "check_results": null
}
